// !$*UTF8*$!
{
	archiveVersion = 1;
	classes = {
	};
	objectVersion = 56;
	objects = {

/* Begin PBXBuildFile section */
		059B3C5929A92E7B00B37EE3 /* AppDelegate.swift in Sources */ = {isa = PBXBuildFile; fileRef = 059B3C5829A92E7B00B37EE3 /* AppDelegate.swift */; };
		059B3C5B29A92E7B00B37EE3 /* SceneDelegate.swift in Sources */ = {isa = PBXBuildFile; fileRef = 059B3C5A29A92E7B00B37EE3 /* SceneDelegate.swift */; };
		059B3C5D29A92E7B00B37EE3 /* ViewController.swift in Sources */ = {isa = PBXBuildFile; fileRef = 059B3C5C29A92E7B00B37EE3 /* ViewController.swift */; };
		059B3C6029A92E7B00B37EE3 /* Main.storyboard in Resources */ = {isa = PBXBuildFile; fileRef = 059B3C5E29A92E7B00B37EE3 /* Main.storyboard */; };
		059B3C6229A92E7B00B37EE3 /* Assets.xcassets in Resources */ = {isa = PBXBuildFile; fileRef = 059B3C6129A92E7B00B37EE3 /* Assets.xcassets */; };
		059B3C6529A92E7B00B37EE3 /* LaunchScreen.storyboard in Resources */ = {isa = PBXBuildFile; fileRef = 059B3C6329A92E7B00B37EE3 /* LaunchScreen.storyboard */; };
		059B3C7029A92E7B00B37EE3 /* swift_protobufTests.swift in Sources */ = {isa = PBXBuildFile; fileRef = 059B3C6F29A92E7B00B37EE3 /* swift_protobufTests.swift */; };
		059B3C7A29A92E7B00B37EE3 /* swift_protobufUITests.swift in Sources */ = {isa = PBXBuildFile; fileRef = 059B3C7929A92E7B00B37EE3 /* swift_protobufUITests.swift */; };
		059B3C7C29A92E7B00B37EE3 /* swift_protobufUITestsLaunchTests.swift in Sources */ = {isa = PBXBuildFile; fileRef = 059B3C7B29A92E7B00B37EE3 /* swift_protobufUITestsLaunchTests.swift */; };
/* End PBXBuildFile section */

/* Begin PBXContainerItemProxy section */
		059B3C6C29A92E7B00B37EE3 /* PBXContainerItemProxy */ = {
			isa = PBXContainerItemProxy;
			containerPortal = 059B3C4D29A92E7B00B37EE3 /* Project object */;
			proxyType = 1;
			remoteGlobalIDString = 059B3C5429A92E7B00B37EE3;
			remoteInfo = "swift-protobuf";
		};
		059B3C7629A92E7B00B37EE3 /* PBXContainerItemProxy */ = {
			isa = PBXContainerItemProxy;
			containerPortal = 059B3C4D29A92E7B00B37EE3 /* Project object */;
			proxyType = 1;
			remoteGlobalIDString = 059B3C5429A92E7B00B37EE3;
			remoteInfo = "swift-protobuf";
		};
/* End PBXContainerItemProxy section */

/* Begin PBXFileReference section */
		059B3C5529A92E7B00B37EE3 /* swift-protobuf.app */ = {isa = PBXFileReference; explicitFileType = wrapper.application; includeInIndex = 0; path = "swift-protobuf.app"; sourceTree = BUILT_PRODUCTS_DIR; };
		059B3C5829A92E7B00B37EE3 /* AppDelegate.swift */ = {isa = PBXFileReference; lastKnownFileType = sourcecode.swift; path = AppDelegate.swift; sourceTree = "<group>"; };
		059B3C5A29A92E7B00B37EE3 /* SceneDelegate.swift */ = {isa = PBXFileReference; lastKnownFileType = sourcecode.swift; path = SceneDelegate.swift; sourceTree = "<group>"; };
		059B3C5C29A92E7B00B37EE3 /* ViewController.swift */ = {isa = PBXFileReference; lastKnownFileType = sourcecode.swift; path = ViewController.swift; sourceTree = "<group>"; };
		059B3C5F29A92E7B00B37EE3 /* Base */ = {isa = PBXFileReference; lastKnownFileType = file.storyboard; name = Base; path = Base.lproj/Main.storyboard; sourceTree = "<group>"; };
		059B3C6129A92E7B00B37EE3 /* Assets.xcassets */ = {isa = PBXFileReference; lastKnownFileType = folder.assetcatalog; path = Assets.xcassets; sourceTree = "<group>"; };
		059B3C6429A92E7B00B37EE3 /* Base */ = {isa = PBXFileReference; lastKnownFileType = file.storyboard; name = Base; path = Base.lproj/LaunchScreen.storyboard; sourceTree = "<group>"; };
		059B3C6629A92E7B00B37EE3 /* Info.plist */ = {isa = PBXFileReference; lastKnownFileType = text.plist.xml; path = Info.plist; sourceTree = "<group>"; };
		059B3C6B29A92E7B00B37EE3 /* swift-protobufTests.xctest */ = {isa = PBXFileReference; explicitFileType = wrapper.cfbundle; includeInIndex = 0; path = "swift-protobufTests.xctest"; sourceTree = BUILT_PRODUCTS_DIR; };
		059B3C6F29A92E7B00B37EE3 /* swift_protobufTests.swift */ = {isa = PBXFileReference; lastKnownFileType = sourcecode.swift; path = swift_protobufTests.swift; sourceTree = "<group>"; };
		059B3C7529A92E7B00B37EE3 /* swift-protobufUITests.xctest */ = {isa = PBXFileReference; explicitFileType = wrapper.cfbundle; includeInIndex = 0; path = "swift-protobufUITests.xctest"; sourceTree = BUILT_PRODUCTS_DIR; };
		059B3C7929A92E7B00B37EE3 /* swift_protobufUITests.swift */ = {isa = PBXFileReference; lastKnownFileType = sourcecode.swift; path = swift_protobufUITests.swift; sourceTree = "<group>"; };
		059B3C7B29A92E7B00B37EE3 /* swift_protobufUITestsLaunchTests.swift */ = {isa = PBXFileReference; lastKnownFileType = sourcecode.swift; path = swift_protobufUITestsLaunchTests.swift; sourceTree = "<group>"; };
/* End PBXFileReference section */

/* Begin PBXFrameworksBuildPhase section */
		059B3C5229A92E7B00B37EE3 /* Frameworks */ = {
			isa = PBXFrameworksBuildPhase;
			buildActionMask = 2147483647;
			files = (
			);
			runOnlyForDeploymentPostprocessing = 0;
		};
		059B3C6829A92E7B00B37EE3 /* Frameworks */ = {
			isa = PBXFrameworksBuildPhase;
			buildActionMask = 2147483647;
			files = (
			);
			runOnlyForDeploymentPostprocessing = 0;
		};
		059B3C7229A92E7B00B37EE3 /* Frameworks */ = {
			isa = PBXFrameworksBuildPhase;
			buildActionMask = 2147483647;
			files = (
			);
			runOnlyForDeploymentPostprocessing = 0;
		};
/* End PBXFrameworksBuildPhase section */

/* Begin PBXGroup section */
		059B3C4C29A92E7B00B37EE3 = {
			isa = PBXGroup;
			children = (
				059B3C5729A92E7B00B37EE3 /* swift-protobuf */,
				059B3C6E29A92E7B00B37EE3 /* swift-protobufTests */,
				059B3C7829A92E7B00B37EE3 /* swift-protobufUITests */,
				059B3C5629A92E7B00B37EE3 /* Products */,
			);
			sourceTree = "<group>";
		};
		059B3C5629A92E7B00B37EE3 /* Products */ = {
			isa = PBXGroup;
			children = (
				059B3C5529A92E7B00B37EE3 /* swift-protobuf.app */,
				059B3C6B29A92E7B00B37EE3 /* swift-protobufTests.xctest */,
				059B3C7529A92E7B00B37EE3 /* swift-protobufUITests.xctest */,
			);
			name = Products;
			sourceTree = "<group>";
		};
		059B3C5729A92E7B00B37EE3 /* swift-protobuf */ = {
			isa = PBXGroup;
			children = (
				059B3C5829A92E7B00B37EE3 /* AppDelegate.swift */,
				059B3C5A29A92E7B00B37EE3 /* SceneDelegate.swift */,
				059B3C5C29A92E7B00B37EE3 /* ViewController.swift */,
				059B3C5E29A92E7B00B37EE3 /* Main.storyboard */,
				059B3C6129A92E7B00B37EE3 /* Assets.xcassets */,
				059B3C6329A92E7B00B37EE3 /* LaunchScreen.storyboard */,
				059B3C6629A92E7B00B37EE3 /* Info.plist */,
			);
			path = "swift-protobuf";
			sourceTree = "<group>";
		};
		059B3C6E29A92E7B00B37EE3 /* swift-protobufTests */ = {
			isa = PBXGroup;
			children = (
				059B3C6F29A92E7B00B37EE3 /* swift_protobufTests.swift */,
			);
			path = "swift-protobufTests";
			sourceTree = "<group>";
		};
		059B3C7829A92E7B00B37EE3 /* swift-protobufUITests */ = {
			isa = PBXGroup;
			children = (
				059B3C7929A92E7B00B37EE3 /* swift_protobufUITests.swift */,
				059B3C7B29A92E7B00B37EE3 /* swift_protobufUITestsLaunchTests.swift */,
			);
			path = "swift-protobufUITests";
			sourceTree = "<group>";
		};
/* End PBXGroup section */

/* Begin PBXNativeTarget section */
		059B3C5429A92E7B00B37EE3 /* swift-protobuf */ = {
			isa = PBXNativeTarget;
			buildConfigurationList = 059B3C7F29A92E7B00B37EE3 /* Build configuration list for PBXNativeTarget "swift-protobuf" */;
			buildPhases = (
				059B3C5129A92E7B00B37EE3 /* Sources */,
				059B3C5229A92E7B00B37EE3 /* Frameworks */,
				059B3C5329A92E7B00B37EE3 /* Resources */,
			);
			buildRules = (
			);
			dependencies = (
			);
			name = "swift-protobuf";
			productName = "swift-protobuf";
			productReference = 059B3C5529A92E7B00B37EE3 /* swift-protobuf.app */;
			productType = "com.apple.product-type.application";
		};
		059B3C6A29A92E7B00B37EE3 /* swift-protobufTests */ = {
			isa = PBXNativeTarget;
			buildConfigurationList = 059B3C8229A92E7B00B37EE3 /* Build configuration list for PBXNativeTarget "swift-protobufTests" */;
			buildPhases = (
				059B3C6729A92E7B00B37EE3 /* Sources */,
				059B3C6829A92E7B00B37EE3 /* Frameworks */,
				059B3C6929A92E7B00B37EE3 /* Resources */,
			);
			buildRules = (
			);
			dependencies = (
				059B3C6D29A92E7B00B37EE3 /* PBXTargetDependency */,
			);
			name = "swift-protobufTests";
			productName = "swift-protobufTests";
			productReference = 059B3C6B29A92E7B00B37EE3 /* swift-protobufTests.xctest */;
			productType = "com.apple.product-type.bundle.unit-test";
		};
		059B3C7429A92E7B00B37EE3 /* swift-protobufUITests */ = {
			isa = PBXNativeTarget;
			buildConfigurationList = 059B3C8529A92E7B00B37EE3 /* Build configuration list for PBXNativeTarget "swift-protobufUITests" */;
			buildPhases = (
				059B3C7129A92E7B00B37EE3 /* Sources */,
				059B3C7229A92E7B00B37EE3 /* Frameworks */,
				059B3C7329A92E7B00B37EE3 /* Resources */,
			);
			buildRules = (
			);
			dependencies = (
				059B3C7729A92E7B00B37EE3 /* PBXTargetDependency */,
			);
			name = "swift-protobufUITests";
			productName = "swift-protobufUITests";
			productReference = 059B3C7529A92E7B00B37EE3 /* swift-protobufUITests.xctest */;
			productType = "com.apple.product-type.bundle.ui-testing";
		};
/* End PBXNativeTarget section */

/* Begin PBXProject section */
		059B3C4D29A92E7B00B37EE3 /* Project object */ = {
			isa = PBXProject;
			attributes = {
				BuildIndependentTargetsInParallel = 1;
				LastSwiftUpdateCheck = 1420;
				LastUpgradeCheck = 1420;
				TargetAttributes = {
					059B3C5429A92E7B00B37EE3 = {
						CreatedOnToolsVersion = 14.2;
					};
					059B3C6A29A92E7B00B37EE3 = {
						CreatedOnToolsVersion = 14.2;
						TestTargetID = 059B3C5429A92E7B00B37EE3;
					};
					059B3C7429A92E7B00B37EE3 = {
						CreatedOnToolsVersion = 14.2;
						TestTargetID = 059B3C5429A92E7B00B37EE3;
					};
				};
			};
			buildConfigurationList = 059B3C5029A92E7B00B37EE3 /* Build configuration list for PBXProject "swift-protobuf" */;
			compatibilityVersion = "Xcode 14.0";
			developmentRegion = en;
			hasScannedForEncodings = 0;
			knownRegions = (
				en,
				Base,
			);
			mainGroup = 059B3C4C29A92E7B00B37EE3;
			productRefGroup = 059B3C5629A92E7B00B37EE3 /* Products */;
			projectDirPath = "";
			projectRoot = "";
			targets = (
				059B3C5429A92E7B00B37EE3 /* swift-protobuf */,
				059B3C6A29A92E7B00B37EE3 /* swift-protobufTests */,
				059B3C7429A92E7B00B37EE3 /* swift-protobufUITests */,
			);
		};
/* End PBXProject section */

/* Begin PBXResourcesBuildPhase section */
		059B3C5329A92E7B00B37EE3 /* Resources */ = {
			isa = PBXResourcesBuildPhase;
			buildActionMask = 2147483647;
			files = (
				059B3C6529A92E7B00B37EE3 /* LaunchScreen.storyboard in Resources */,
				059B3C6229A92E7B00B37EE3 /* Assets.xcassets in Resources */,
				059B3C6029A92E7B00B37EE3 /* Main.storyboard in Resources */,
			);
			runOnlyForDeploymentPostprocessing = 0;
		};
		059B3C6929A92E7B00B37EE3 /* Resources */ = {
			isa = PBXResourcesBuildPhase;
			buildActionMask = 2147483647;
			files = (
			);
			runOnlyForDeploymentPostprocessing = 0;
		};
		059B3C7329A92E7B00B37EE3 /* Resources */ = {
			isa = PBXResourcesBuildPhase;
			buildActionMask = 2147483647;
			files = (
			);
			runOnlyForDeploymentPostprocessing = 0;
		};
/* End PBXResourcesBuildPhase section */

/* Begin PBXSourcesBuildPhase section */
		059B3C5129A92E7B00B37EE3 /* Sources */ = {
			isa = PBXSourcesBuildPhase;
			buildActionMask = 2147483647;
			files = (
				059B3C5D29A92E7B00B37EE3 /* ViewController.swift in Sources */,
				059B3C5929A92E7B00B37EE3 /* AppDelegate.swift in Sources */,
				059B3C5B29A92E7B00B37EE3 /* SceneDelegate.swift in Sources */,
			);
			runOnlyForDeploymentPostprocessing = 0;
		};
		059B3C6729A92E7B00B37EE3 /* Sources */ = {
			isa = PBXSourcesBuildPhase;
			buildActionMask = 2147483647;
			files = (
				059B3C7029A92E7B00B37EE3 /* swift_protobufTests.swift in Sources */,
			);
			runOnlyForDeploymentPostprocessing = 0;
		};
		059B3C7129A92E7B00B37EE3 /* Sources */ = {
			isa = PBXSourcesBuildPhase;
			buildActionMask = 2147483647;
			files = (
				059B3C7A29A92E7B00B37EE3 /* swift_protobufUITests.swift in Sources */,
				059B3C7C29A92E7B00B37EE3 /* swift_protobufUITestsLaunchTests.swift in Sources */,
			);
			runOnlyForDeploymentPostprocessing = 0;
		};
/* End PBXSourcesBuildPhase section */

/* Begin PBXTargetDependency section */
		059B3C6D29A92E7B00B37EE3 /* PBXTargetDependency */ = {
			isa = PBXTargetDependency;
			target = 059B3C5429A92E7B00B37EE3 /* swift-protobuf */;
			targetProxy = 059B3C6C29A92E7B00B37EE3 /* PBXContainerItemProxy */;
		};
		059B3C7729A92E7B00B37EE3 /* PBXTargetDependency */ = {
			isa = PBXTargetDependency;
			target = 059B3C5429A92E7B00B37EE3 /* swift-protobuf */;
			targetProxy = 059B3C7629A92E7B00B37EE3 /* PBXContainerItemProxy */;
		};
/* End PBXTargetDependency section */

/* Begin PBXVariantGroup section */
		059B3C5E29A92E7B00B37EE3 /* Main.storyboard */ = {
			isa = PBXVariantGroup;
			children = (
				059B3C5F29A92E7B00B37EE3 /* Base */,
			);
			name = Main.storyboard;
			sourceTree = "<group>";
		};
		059B3C6329A92E7B00B37EE3 /* LaunchScreen.storyboard */ = {
			isa = PBXVariantGroup;
			children = (
				059B3C6429A92E7B00B37EE3 /* Base */,
			);
			name = LaunchScreen.storyboard;
			sourceTree = "<group>";
		};
/* End PBXVariantGroup section */

/* Begin XCBuildConfiguration section */
		059B3C7D29A92E7B00B37EE3 /* Debug */ = {
			isa = XCBuildConfiguration;
			buildSettings = {
				ALWAYS_SEARCH_USER_PATHS = NO;
				CLANG_ANALYZER_NONNULL = YES;
				CLANG_ANALYZER_NUMBER_OBJECT_CONVERSION = YES_AGGRESSIVE;
				CLANG_CXX_LANGUAGE_STANDARD = "gnu++20";
				CLANG_ENABLE_MODULES = YES;
				CLANG_ENABLE_OBJC_ARC = YES;
				CLANG_ENABLE_OBJC_WEAK = YES;
				CLANG_WARN_BLOCK_CAPTURE_AUTORELEASING = YES;
				CLANG_WARN_BOOL_CONVERSION = YES;
				CLANG_WARN_COMMA = YES;
				CLANG_WARN_CONSTANT_CONVERSION = YES;
				CLANG_WARN_DEPRECATED_OBJC_IMPLEMENTATIONS = YES;
				CLANG_WARN_DIRECT_OBJC_ISA_USAGE = YES_ERROR;
				CLANG_WARN_DOCUMENTATION_COMMENTS = YES;
				CLANG_WARN_EMPTY_BODY = YES;
				CLANG_WARN_ENUM_CONVERSION = YES;
				CLANG_WARN_INFINITE_RECURSION = YES;
				CLANG_WARN_INT_CONVERSION = YES;
				CLANG_WARN_NON_LITERAL_NULL_CONVERSION = YES;
				CLANG_WARN_OBJC_IMPLICIT_RETAIN_SELF = YES;
				CLANG_WARN_OBJC_LITERAL_CONVERSION = YES;
				CLANG_WARN_OBJC_ROOT_CLASS = YES_ERROR;
				CLANG_WARN_QUOTED_INCLUDE_IN_FRAMEWORK_HEADER = YES;
				CLANG_WARN_RANGE_LOOP_ANALYSIS = YES;
				CLANG_WARN_STRICT_PROTOTYPES = YES;
				CLANG_WARN_SUSPICIOUS_MOVE = YES;
				CLANG_WARN_UNGUARDED_AVAILABILITY = YES_AGGRESSIVE;
				CLANG_WARN_UNREACHABLE_CODE = YES;
				CLANG_WARN__DUPLICATE_METHOD_MATCH = YES;
				COPY_PHASE_STRIP = NO;
				DEBUG_INFORMATION_FORMAT = dwarf;
				ENABLE_STRICT_OBJC_MSGSEND = YES;
				ENABLE_TESTABILITY = YES;
				GCC_C_LANGUAGE_STANDARD = gnu11;
				GCC_DYNAMIC_NO_PIC = NO;
				GCC_NO_COMMON_BLOCKS = YES;
				GCC_OPTIMIZATION_LEVEL = 0;
				GCC_PREPROCESSOR_DEFINITIONS = (
					"DEBUG=1",
					"$(inherited)",
				);
				GCC_WARN_64_TO_32_BIT_CONVERSION = YES;
				GCC_WARN_ABOUT_RETURN_TYPE = YES_ERROR;
				GCC_WARN_UNDECLARED_SELECTOR = YES;
				GCC_WARN_UNINITIALIZED_AUTOS = YES_AGGRESSIVE;
				GCC_WARN_UNUSED_FUNCTION = YES;
				GCC_WARN_UNUSED_VARIABLE = YES;
				IPHONEOS_DEPLOYMENT_TARGET = 16.2;
				MTL_ENABLE_DEBUG_INFO = INCLUDE_SOURCE;
				MTL_FAST_MATH = YES;
				ONLY_ACTIVE_ARCH = YES;
				SDKROOT = iphoneos;
				SWIFT_ACTIVE_COMPILATION_CONDITIONS = DEBUG;
				SWIFT_OPTIMIZATION_LEVEL = "-Onone";
			};
			name = Debug;
		};
		059B3C7E29A92E7B00B37EE3 /* Release */ = {
			isa = XCBuildConfiguration;
			buildSettings = {
				ALWAYS_SEARCH_USER_PATHS = NO;
				CLANG_ANALYZER_NONNULL = YES;
				CLANG_ANALYZER_NUMBER_OBJECT_CONVERSION = YES_AGGRESSIVE;
				CLANG_CXX_LANGUAGE_STANDARD = "gnu++20";
				CLANG_ENABLE_MODULES = YES;
				CLANG_ENABLE_OBJC_ARC = YES;
				CLANG_ENABLE_OBJC_WEAK = YES;
				CLANG_WARN_BLOCK_CAPTURE_AUTORELEASING = YES;
				CLANG_WARN_BOOL_CONVERSION = YES;
				CLANG_WARN_COMMA = YES;
				CLANG_WARN_CONSTANT_CONVERSION = YES;
				CLANG_WARN_DEPRECATED_OBJC_IMPLEMENTATIONS = YES;
				CLANG_WARN_DIRECT_OBJC_ISA_USAGE = YES_ERROR;
				CLANG_WARN_DOCUMENTATION_COMMENTS = YES;
				CLANG_WARN_EMPTY_BODY = YES;
				CLANG_WARN_ENUM_CONVERSION = YES;
				CLANG_WARN_INFINITE_RECURSION = YES;
				CLANG_WARN_INT_CONVERSION = YES;
				CLANG_WARN_NON_LITERAL_NULL_CONVERSION = YES;
				CLANG_WARN_OBJC_IMPLICIT_RETAIN_SELF = YES;
				CLANG_WARN_OBJC_LITERAL_CONVERSION = YES;
				CLANG_WARN_OBJC_ROOT_CLASS = YES_ERROR;
				CLANG_WARN_QUOTED_INCLUDE_IN_FRAMEWORK_HEADER = YES;
				CLANG_WARN_RANGE_LOOP_ANALYSIS = YES;
				CLANG_WARN_STRICT_PROTOTYPES = YES;
				CLANG_WARN_SUSPICIOUS_MOVE = YES;
				CLANG_WARN_UNGUARDED_AVAILABILITY = YES_AGGRESSIVE;
				CLANG_WARN_UNREACHABLE_CODE = YES;
				CLANG_WARN__DUPLICATE_METHOD_MATCH = YES;
				COPY_PHASE_STRIP = NO;
				DEBUG_INFORMATION_FORMAT = "dwarf-with-dsym";
				ENABLE_NS_ASSERTIONS = NO;
				ENABLE_STRICT_OBJC_MSGSEND = YES;
				GCC_C_LANGUAGE_STANDARD = gnu11;
				GCC_NO_COMMON_BLOCKS = YES;
				GCC_WARN_64_TO_32_BIT_CONVERSION = YES;
				GCC_WARN_ABOUT_RETURN_TYPE = YES_ERROR;
				GCC_WARN_UNDECLARED_SELECTOR = YES;
				GCC_WARN_UNINITIALIZED_AUTOS = YES_AGGRESSIVE;
				GCC_WARN_UNUSED_FUNCTION = YES;
				GCC_WARN_UNUSED_VARIABLE = YES;
				IPHONEOS_DEPLOYMENT_TARGET = 16.2;
				MTL_ENABLE_DEBUG_INFO = NO;
				MTL_FAST_MATH = YES;
				SDKROOT = iphoneos;
				SWIFT_COMPILATION_MODE = wholemodule;
				SWIFT_OPTIMIZATION_LEVEL = "-O";
				VALIDATE_PRODUCT = YES;
			};
			name = Release;
		};
		059B3C8029A92E7B00B37EE3 /* Debug */ = {
			isa = XCBuildConfiguration;
			buildSettings = {
				ASSETCATALOG_COMPILER_APPICON_NAME = AppIcon;
				ASSETCATALOG_COMPILER_GLOBAL_ACCENT_COLOR_NAME = AccentColor;
				CODE_SIGN_STYLE = Automatic;
				CURRENT_PROJECT_VERSION = 1;
				GENERATE_INFOPLIST_FILE = YES;
				INFOPLIST_FILE = "swift-protobuf/Info.plist";
				INFOPLIST_KEY_UIApplicationSupportsIndirectInputEvents = YES;
				INFOPLIST_KEY_UILaunchStoryboardName = LaunchScreen;
				INFOPLIST_KEY_UIMainStoryboardFile = Main;
				INFOPLIST_KEY_UISupportedInterfaceOrientations_iPad = "UIInterfaceOrientationPortrait UIInterfaceOrientationPortraitUpsideDown UIInterfaceOrientationLandscapeLeft UIInterfaceOrientationLandscapeRight";
				INFOPLIST_KEY_UISupportedInterfaceOrientations_iPhone = "UIInterfaceOrientationPortrait UIInterfaceOrientationLandscapeLeft UIInterfaceOrientationLandscapeRight";
				LD_RUNPATH_SEARCH_PATHS = (
					"$(inherited)",
					"@executable_path/Frameworks",
				);
				MARKETING_VERSION = 1.0;
				PRODUCT_BUNDLE_IDENTIFIER = "com.carmudi.example.protobuf.swift-protobuf";
				PRODUCT_NAME = "$(TARGET_NAME)";
				SWIFT_EMIT_LOC_STRINGS = YES;
				SWIFT_VERSION = 5.0;
				TARGETED_DEVICE_FAMILY = "1,2";
			};
			name = Debug;
		};
		059B3C8129A92E7B00B37EE3 /* Release */ = {
			isa = XCBuildConfiguration;
			buildSettings = {
				ASSETCATALOG_COMPILER_APPICON_NAME = AppIcon;
				ASSETCATALOG_COMPILER_GLOBAL_ACCENT_COLOR_NAME = AccentColor;
				CODE_SIGN_STYLE = Automatic;
				CURRENT_PROJECT_VERSION = 1;
				GENERATE_INFOPLIST_FILE = YES;
				INFOPLIST_FILE = "swift-protobuf/Info.plist";
				INFOPLIST_KEY_UIApplicationSupportsIndirectInputEvents = YES;
				INFOPLIST_KEY_UILaunchStoryboardName = LaunchScreen;
				INFOPLIST_KEY_UIMainStoryboardFile = Main;
				INFOPLIST_KEY_UISupportedInterfaceOrientations_iPad = "UIInterfaceOrientationPortrait UIInterfaceOrientationPortraitUpsideDown UIInterfaceOrientationLandscapeLeft UIInterfaceOrientationLandscapeRight";
				INFOPLIST_KEY_UISupportedInterfaceOrientations_iPhone = "UIInterfaceOrientationPortrait UIInterfaceOrientationLandscapeLeft UIInterfaceOrientationLandscapeRight";
				LD_RUNPATH_SEARCH_PATHS = (
					"$(inherited)",
					"@executable_path/Frameworks",
				);
				MARKETING_VERSION = 1.0;
				PRODUCT_BUNDLE_IDENTIFIER = "com.carmudi.example.protobuf.swift-protobuf";
				PRODUCT_NAME = "$(TARGET_NAME)";
				SWIFT_EMIT_LOC_STRINGS = YES;
				SWIFT_VERSION = 5.0;
				TARGETED_DEVICE_FAMILY = "1,2";
			};
			name = Release;
		};
		059B3C8329A92E7B00B37EE3 /* Debug */ = {
			isa = XCBuildConfiguration;
			buildSettings = {
				ALWAYS_EMBED_SWIFT_STANDARD_LIBRARIES = YES;
				BUNDLE_LOADER = "$(TEST_HOST)";
				CODE_SIGN_STYLE = Automatic;
				CURRENT_PROJECT_VERSION = 1;
				GENERATE_INFOPLIST_FILE = YES;
				IPHONEOS_DEPLOYMENT_TARGET = 16.2;
				MARKETING_VERSION = 1.0;
				PRODUCT_BUNDLE_IDENTIFIER = "com.carmudi.example.protobuf.swift-protobufTests";
				PRODUCT_NAME = "$(TARGET_NAME)";
				SWIFT_EMIT_LOC_STRINGS = NO;
				SWIFT_VERSION = 5.0;
				TARGETED_DEVICE_FAMILY = "1,2";
				TEST_HOST = "$(BUILT_PRODUCTS_DIR)/swift-protobuf.app/$(BUNDLE_EXECUTABLE_FOLDER_PATH)/swift-protobuf";
			};
			name = Debug;
		};
		059B3C8429A92E7B00B37EE3 /* Release */ = {
			isa = XCBuildConfiguration;
			buildSettings = {
				ALWAYS_EMBED_SWIFT_STANDARD_LIBRARIES = YES;
				BUNDLE_LOADER = "$(TEST_HOST)";
				CODE_SIGN_STYLE = Automatic;
				CURRENT_PROJECT_VERSION = 1;
				GENERATE_INFOPLIST_FILE = YES;
				IPHONEOS_DEPLOYMENT_TARGET = 16.2;
				MARKETING_VERSION = 1.0;
				PRODUCT_BUNDLE_IDENTIFIER = "com.carmudi.example.protobuf.swift-protobufTests";
				PRODUCT_NAME = "$(TARGET_NAME)";
				SWIFT_EMIT_LOC_STRINGS = NO;
				SWIFT_VERSION = 5.0;
				TARGETED_DEVICE_FAMILY = "1,2";
				TEST_HOST = "$(BUILT_PRODUCTS_DIR)/swift-protobuf.app/$(BUNDLE_EXECUTABLE_FOLDER_PATH)/swift-protobuf";
			};
			name = Release;
		};
		059B3C8629A92E7B00B37EE3 /* Debug */ = {
			isa = XCBuildConfiguration;
			buildSettings = {
				ALWAYS_EMBED_SWIFT_STANDARD_LIBRARIES = YES;
				CODE_SIGN_STYLE = Automatic;
				CURRENT_PROJECT_VERSION = 1;
				GENERATE_INFOPLIST_FILE = YES;
				MARKETING_VERSION = 1.0;
				PRODUCT_BUNDLE_IDENTIFIER = "com.carmudi.example.protobuf.swift-protobufUITests";
				PRODUCT_NAME = "$(TARGET_NAME)";
				SWIFT_EMIT_LOC_STRINGS = NO;
				SWIFT_VERSION = 5.0;
				TARGETED_DEVICE_FAMILY = "1,2";
				TEST_TARGET_NAME = "swift-protobuf";
			};
			name = Debug;
		};
		059B3C8729A92E7B00B37EE3 /* Release */ = {
			isa = XCBuildConfiguration;
			buildSettings = {
				ALWAYS_EMBED_SWIFT_STANDARD_LIBRARIES = YES;
				CODE_SIGN_STYLE = Automatic;
				CURRENT_PROJECT_VERSION = 1;
				GENERATE_INFOPLIST_FILE = YES;
				MARKETING_VERSION = 1.0;
				PRODUCT_BUNDLE_IDENTIFIER = "com.carmudi.example.protobuf.swift-protobufUITests";
				PRODUCT_NAME = "$(TARGET_NAME)";
				SWIFT_EMIT_LOC_STRINGS = NO;
				SWIFT_VERSION = 5.0;
				TARGETED_DEVICE_FAMILY = "1,2";
				TEST_TARGET_NAME = "swift-protobuf";
			};
			name = Release;
		};
/* End XCBuildConfiguration section */

/* Begin XCConfigurationList section */
		059B3C5029A92E7B00B37EE3 /* Build configuration list for PBXProject "swift-protobuf" */ = {
			isa = XCConfigurationList;
			buildConfigurations = (
				059B3C7D29A92E7B00B37EE3 /* Debug */,
				059B3C7E29A92E7B00B37EE3 /* Release */,
			);
			defaultConfigurationIsVisible = 0;
			defaultConfigurationName = Release;
		};
		059B3C7F29A92E7B00B37EE3 /* Build configuration list for PBXNativeTarget "swift-protobuf" */ = {
			isa = XCConfigurationList;
			buildConfigurations = (
				059B3C8029A92E7B00B37EE3 /* Debug */,
				059B3C8129A92E7B00B37EE3 /* Release */,
			);
			defaultConfigurationIsVisible = 0;
			defaultConfigurationName = Release;
		};
		059B3C8229A92E7B00B37EE3 /* Build configuration list for PBXNativeTarget "swift-protobufTests" */ = {
			isa = XCConfigurationList;
			buildConfigurations = (
				059B3C8329A92E7B00B37EE3 /* Debug */,
				059B3C8429A92E7B00B37EE3 /* Release */,
			);
			defaultConfigurationIsVisible = 0;
			defaultConfigurationName = Release;
		};
		059B3C8529A92E7B00B37EE3 /* Build configuration list for PBXNativeTarget "swift-protobufUITests" */ = {
			isa = XCConfigurationList;
			buildConfigurations = (
				059B3C8629A92E7B00B37EE3 /* Debug */,
				059B3C8729A92E7B00B37EE3 /* Release */,
			);
			defaultConfigurationIsVisible = 0;
			defaultConfigurationName = Release;
		};
/* End XCConfigurationList section */
	};
	rootObject = 059B3C4D29A92E7B00B37EE3 /* Project object */;
}
